
Microsoft Visual Studio Solution File, Format Version 12.00
# Visual Studio Version 16
VisualStudioVersion = 16.0.29926.136
MinimumVisualStudioVersion = 10.0.40219.1
Project("{FAE04EC0-301F-11D3-BF4B-00C04F79EFBC}") = "SzenarioTester", "SzenarioTester\SzenarioTester.csproj", "{68997B19-6733-4BE7-A680-F40F4F2AF991}"
EndProject
Project("{FAE04EC0-301F-11D3-BF4B-00C04F79EFBC}") = "Extension1", "Extension1\Extension1.csproj", "{5897AAC0-3009-4C66-825F-538FEEF26B46}"
EndProject
Project("{FAE04EC0-301F-11D3-BF4B-00C04F79EFBC}") = "SzenarioTester.Interfaces", "SzenarioTester.Interfaces\SzenarioTester.Interfaces.csproj", "{6A9CEF39-FF11-4AF7-ABA4-9F917664F8AB}"
EndProject
Global
	GlobalSection(SolutionConfigurationPlatforms) = preSolution
		Debug|Any CPU = Debug|Any CPU
		Release|Any CPU = Release|Any CPU
	EndGlobalSection
	GlobalSection(ProjectConfigurationPlatforms) = postSolution
		{68997B19-6733-4BE7-A680-F40F4F2AF991}.Debug|Any CPU.ActiveCfg = Debug|Any CPU
		{68997B19-6733-4BE7-A680-F40F4F2AF991}.Debug|Any CPU.Build.0 = Debug|Any CPU
		{68997B19-6733-4BE7-A680-F40F4F2AF991}.Release|Any CPU.ActiveCfg = Release|Any CPU
		{68997B19-6733-4BE7-A680-F40F4F2AF991}.Release|Any CPU.Build.0 = Release|Any CPU
		{5897AAC0-3009-4C66-825F-538FEEF26B46}.Debug|Any CPU.ActiveCfg = Debug|Any CPU
		{5897AAC0-3009-4C66-825F-538FEEF26B46}.Debug|Any CPU.Build.0 = Debug|Any CPU
		{5897AAC0-3009-4C66-825F-538FEEF26B46}.Release|Any CPU.ActiveCfg = Release|Any CPU
		{5897AAC0-3009-4C66-825F-538FEEF26B46}.Release|Any CPU.Build.0 = Release|Any CPU
		{6A9CEF39-FF11-4AF7-ABA4-9F917664F8AB}.Debug|Any CPU.ActiveCfg = Debug|Any CPU
		{6A9CEF39-FF11-4AF7-ABA4-9F917664F8AB}.Debug|Any CPU.Build.0 = Debug|Any CPU
		{6A9CEF39-FF11-4AF7-ABA4-9F917664F8AB}.Release|Any CPU.ActiveCfg = Release|Any CPU
		{6A9CEF39-FF11-4AF7-ABA4-9F917664F8AB}.Release|Any CPU.Build.0 = Release|Any CPU
	EndGlobalSection
	GlobalSection(SolutionProperties) = preSolution
		HideSolutionNode = FALSE
	EndGlobalSection
	GlobalSection(ExtensibilityGlobals) = postSolution
		SolutionGuid = {2BBCEB26-FF8B-41D6-BB09-B8ADF7E0E67A}
	EndGlobalSection
EndGlobal
